{
  "version": 4,
  "terraform_version": "1.6.5",
  "serial": 16,
  "lineage": "9016f238-3501-42b9-1719-9d10af1b2403",
  "outputs": {},
  "resources": [
    {
      "mode": "managed",
      "type": "google_artifact_registry_repository",
      "name": "my-repository",
      "provider": "provider[\"registry.terraform.io/hashicorp/google\"]",
      "instances": [
        {
          "schema_version": 0,
          "attributes": {
            "create_time": "2023-12-18T14:10:06.950224Z",
            "description": "docker repository",
            "docker_config": [],
            "effective_labels": {},
            "format": "DOCKER",
            "id": "projects/akiva-sandbox/locations/us-central1/repositories/phase4-repo",
            "kms_key_name": "",
            "labels": {},
            "location": "us-central1",
            "maven_config": [],
            "mode": "STANDARD_REPOSITORY",
            "name": "phase4-repo",
            "project": "akiva-sandbox",
            "remote_repository_config": [],
            "repository_id": "phase4-repo",
            "terraform_labels": {},
            "timeouts": null,
            "update_time": "2023-12-18T16:10:41.405224Z",
            "virtual_repository_config": []
          },
          "sensitive_attributes": [],
          "private": "eyJlMmJmYjczMC1lY2FhLTExZTYtOGY4OC0zNDM2M2JjN2M0YzAiOnsiY3JlYXRlIjoxMjAwMDAwMDAwMDAwLCJkZWxldGUiOjEyMDAwMDAwMDAwMDAsInVwZGF0ZSI6MTIwMDAwMDAwMDAwMH19"
        }
      ]
    },
    {
      "mode": "managed",
      "type": "google_container_cluster",
      "name": "primary",
      "provider": "provider[\"registry.terraform.io/hashicorp/google\"]",
      "instances": [
        {
          "schema_version": 2,
          "attributes": {
            "addons_config": [
              {
                "cloudrun_config": [],
                "config_connector_config": [],
                "dns_cache_config": [],
                "gce_persistent_disk_csi_driver_config": [
                  {
                    "enabled": true
                  }
                ],
                "gcp_filestore_csi_driver_config": [],
                "gcs_fuse_csi_driver_config": [],
                "gke_backup_agent_config": [],
                "horizontal_pod_autoscaling": [],
                "http_load_balancing": [],
                "network_policy_config": [
                  {
                    "disabled": true
                  }
                ]
              }
            ],
            "allow_net_admin": null,
            "authenticator_groups_config": [],
            "binary_authorization": [
              {
                "enabled": false,
                "evaluation_mode": ""
              }
            ],
            "cluster_autoscaling": [
              {
                "auto_provisioning_defaults": [],
                "autoscaling_profile": "BALANCED",
                "enabled": false,
                "resource_limits": []
              }
            ],
            "cluster_ipv4_cidr": "10.100.0.0/14",
            "confidential_nodes": [],
            "cost_management_config": [],
            "database_encryption": [
              {
                "key_name": "",
                "state": "DECRYPTED"
              }
            ],
            "datapath_provider": "",
            "default_max_pods_per_node": 110,
            "default_snat_status": [
              {
                "disabled": false
              }
            ],
            "deletion_protection": true,
            "description": "",
            "dns_config": [],
            "enable_autopilot": false,
            "enable_intranode_visibility": false,
            "enable_k8s_beta_apis": [],
            "enable_kubernetes_alpha": false,
            "enable_l4_ilb_subsetting": false,
            "enable_legacy_abac": false,
            "enable_shielded_nodes": true,
            "enable_tpu": false,
            "endpoint": "34.172.87.30",
            "fleet": [],
            "gateway_api_config": [],
            "id": "projects/akiva-sandbox/locations/us-central1/clusters/phase4-cluster",
            "identity_service_config": [],
            "initial_node_count": 1,
            "ip_allocation_policy": [
              {
                "additional_pod_ranges_config": [],
                "cluster_ipv4_cidr_block": "10.100.0.0/14",
                "cluster_secondary_range_name": "gke-phase4-cluster-pods-8c3deb64",
                "pod_cidr_overprovision_config": [
                  {
                    "disabled": false
                  }
                ],
                "services_ipv4_cidr_block": "10.104.0.0/20",
                "services_secondary_range_name": "gke-phase4-cluster-services-8c3deb64",
                "stack_type": "IPV4"
              }
            ],
            "label_fingerprint": "a9dc16a7",
            "location": "us-central1",
            "logging_config": [
              {
                "enable_components": [
                  "SYSTEM_COMPONENTS",
                  "WORKLOADS"
                ]
              }
            ],
            "logging_service": "logging.googleapis.com/kubernetes",
            "maintenance_policy": [],
            "master_auth": [
              {
                "client_certificate": "",
                "client_certificate_config": [
                  {
                    "issue_client_certificate": false
                  }
                ],
                "client_key": "",
                "cluster_ca_certificate": "LS0tLS1CRUdJTiBDRVJUSUZJQ0FURS0tLS0tCk1JSUVMVENDQXBXZ0F3SUJBZ0lSQVBtZ2hERnF5UzZNSjcrekllelJZS293RFFZSktvWklodmNOQVFFTEJRQXcKTHpFdE1Dc0dBMVVFQXhNa05qSXpOVEUzTmpndE9UQTVaQzAwTkRBM0xXRTFOREF0WXpJelpXVmhZakJqTXpOaApNQ0FYRFRJek1USXhPREUwTURZMU5sb1lEekl3TlRNeE1qRXdNVFV3TmpVMldqQXZNUzB3S3dZRFZRUURFeVEyCk1qTTFNVGMyT0MwNU1EbGtMVFEwTURjdFlUVTBNQzFqTWpObFpXRmlNR016TTJFd2dnR2lNQTBHQ1NxR1NJYjMKRFFFQkFRVUFBNElCandBd2dnR0tBb0lCZ1FERXUxakE1VUduWXJhaGxUNUxNUnFma0dIUXZQV0xsY2xWZzY4Ygp1a3NvMHRVTDVLMVc2ZEdWMWhXVEtXQzBiWTd1WmpaSlV4NDZlYVhZaXJENjh2MkU2YUFhUnJDTE4xOExoWUJsCnJwMS9uSDh0SUZFQXdIdGFJQ3JKdU9HRFkwbnRnVzVCdVpweEtZM1AxcTE0akNpUkRSVkUrcXNnckdFeXpDKzAKWTFmUkdpTzVEaW9kYk9iQ0NMM1ZmeDBodkhYMVhaVHpFV2hnSzN5TGtiYWVPcm1TcmNkakxMYUtzRmQ1WlcxMQpUcHhtaDdOTnJQNFpNdXY3OXhWTzBiSVhTWlNDenhyZndiYnVKU0p4dDE3ekJKSHhJTTR1OXYrdk5PWmRPL0swCnBaTVhBNWlwRlVpYlAyNHJOUGE4Rm1Tb1l2OGZIVHpaQ0t6MEgvMjl0ejBmNFFldkRQdUd5NFQ3ZVlNaXRrWEUKR1ljMkd4M3NWK3Q4UFJERDhSRk5qcERGYit4R3VrWG56SkRQOVZxSVRjb2sxUTZ3RUtvZmQ0UnJaZUFzVjU4WApXc2NwWFNCQzA2NlN3Z0E5Ukx6dG80RHZzaWFFd2pBUGNocG9YZkdZK3RCMjJCR2hSQkZ5dXllNzVSOTJvSmVwCjZkODBOZWZyTkc0Qm5yaTd2MitwRWc2V2JsRUNBd0VBQWFOQ01FQXdEZ1lEVlIwUEFRSC9CQVFEQWdJRU1BOEcKQTFVZEV3RUIvd1FGTUFNQkFmOHdIUVlEVlIwT0JCWUVGSFVDanRmK045cFlRMjZiZ0I1TG9BQXFpVXJpTUEwRwpDU3FHU0liM0RRRUJDd1VBQTRJQmdRQTVUd1F1RnlhMmJ3N2VDaTRQdmtwbEU3VDR2NkJpRGc2RnZxRlB0M3BYCm1NK0RzNHdkK1gxbjRXalZwSWh4UktMNzRiNVhYTjlxTi9PR2RIV2Y4U0kxWmRJYzVUUE9qYVd0N2o0ZmZkaDIKbER2K1ZybW5VenRPMDJYLzdabW9GL0h5SXRrUkE3WVM0anJhK1NQODVWM2VCUVVscmJYQ3I4MVRVVlBnTXhubgpndm1Ka21RYzFQQWpKTGI5Q0RIalREVlZJTjZ0ZVhnRGh6cENRRVVmTU9lZXNTUGVaYi84UTF6dmV1YndhTUFsCkxSOFplb3dIRFRTSCtXS1BaTkJFeE5hdlZGdmdFRFlqYWlWSHBZUEc0bkZhc09yWmJrbHhDL09zelgxbjNMWjEKM2svby9CdkZpc1lPWjNLME16Ymlja2plSnRUWFVLRG43dG1aV1RNQWt1L2tzZG4yRCttd1EvK0pNcktRK1hMTApZL2FJRy9YVFhpZlA4TDlFMVdveENDNUhackhaUWRGVGhiaFhzanhhd1I5azFzOE1ZVlhyY0tEQ2RWSFcxWm1ZCnVlTm9YRVdBd3hSSks5WEp2dHN2UFhIVW5oajJpdEVSbkpISXBFMk5sVi9pVHFDS3JzZTkxWElMK2JadmxKdkoKUDVBUkhMdlBaN2plbDd0R1EwemZBYms9Ci0tLS0tRU5EIENFUlRJRklDQVRFLS0tLS0K"
              }
            ],
            "master_authorized_networks_config": [],
            "master_version": "1.27.3-gke.100",
            "mesh_certificates": [],
            "min_master_version": null,
            "monitoring_config": [
              {
                "advanced_datapath_observability_config": [
                  {
                    "enable_metrics": false,
                    "relay_mode": ""
                  }
                ],
                "enable_components": [
                  "SYSTEM_COMPONENTS"
                ],
                "managed_prometheus": [
                  {
                    "enabled": true
                  }
                ]
              }
            ],
            "monitoring_service": "monitoring.googleapis.com/kubernetes",
            "name": "phase4-cluster",
            "network": "projects/akiva-sandbox/global/networks/default",
            "network_policy": [
              {
                "enabled": false,
                "provider": "PROVIDER_UNSPECIFIED"
              }
            ],
            "networking_mode": "VPC_NATIVE",
            "node_config": [
              {
                "advanced_machine_features": [],
                "boot_disk_kms_key": "",
                "confidential_nodes": [],
                "disk_size_gb": 100,
                "disk_type": "pd-balanced",
                "effective_taints": [],
                "ephemeral_storage_local_ssd_config": [],
                "fast_socket": [],
                "gcfs_config": [],
                "guest_accelerator": [],
                "gvnic": [],
                "host_maintenance_policy": [],
                "image_type": "COS_CONTAINERD",
                "kubelet_config": [],
                "labels": {},
                "linux_node_config": [],
                "local_nvme_ssd_block_config": [],
                "local_ssd_count": 0,
                "logging_variant": "DEFAULT",
                "machine_type": "e2-micro",
                "metadata": {
                  "disable-legacy-endpoints": "true"
                },
                "min_cpu_platform": "",
                "node_group": "",
                "oauth_scopes": [
                  "https://www.googleapis.com/auth/cloud-platform"
                ],
                "preemptible": true,
                "reservation_affinity": [],
                "resource_labels": {},
                "service_account": "default",
                "shielded_instance_config": [
                  {
                    "enable_integrity_monitoring": true,
                    "enable_secure_boot": false
                  }
                ],
                "sole_tenant_config": [],
                "spot": false,
                "tags": [],
                "taint": [],
                "workload_metadata_config": []
              }
            ],
            "node_locations": [
              "us-central1-a",
              "us-central1-c",
              "us-central1-f"
            ],
            "node_pool": [
              {
                "autoscaling": [],
                "initial_node_count": 1,
                "instance_group_urls": [
                  "https://www.googleapis.com/compute/v1/projects/akiva-sandbox/zones/us-central1-f/instanceGroupManagers/gke-phase4-cluster-my-node-pool-e6a15f1d-grp",
                  "https://www.googleapis.com/compute/v1/projects/akiva-sandbox/zones/us-central1-a/instanceGroupManagers/gke-phase4-cluster-my-node-pool-867868ef-grp",
                  "https://www.googleapis.com/compute/v1/projects/akiva-sandbox/zones/us-central1-c/instanceGroupManagers/gke-phase4-cluster-my-node-pool-93243813-grp"
                ],
                "managed_instance_group_urls": [
                  "https://www.googleapis.com/compute/v1/projects/akiva-sandbox/zones/us-central1-f/instanceGroups/gke-phase4-cluster-my-node-pool-e6a15f1d-grp",
                  "https://www.googleapis.com/compute/v1/projects/akiva-sandbox/zones/us-central1-a/instanceGroups/gke-phase4-cluster-my-node-pool-867868ef-grp",
                  "https://www.googleapis.com/compute/v1/projects/akiva-sandbox/zones/us-central1-c/instanceGroups/gke-phase4-cluster-my-node-pool-93243813-grp"
                ],
                "management": [
                  {
                    "auto_repair": true,
                    "auto_upgrade": true
                  }
                ],
                "max_pods_per_node": 110,
                "name": "my-node-pool",
                "name_prefix": "",
                "network_config": [
                  {
                    "create_pod_range": false,
                    "enable_private_nodes": false,
                    "pod_cidr_overprovision_config": [],
                    "pod_ipv4_cidr_block": "10.100.0.0/14",
                    "pod_range": "gke-phase4-cluster-pods-8c3deb64"
                  }
                ],
                "node_config": [
                  {
                    "advanced_machine_features": [],
                    "boot_disk_kms_key": "",
                    "confidential_nodes": [],
                    "disk_size_gb": 100,
                    "disk_type": "pd-balanced",
                    "effective_taints": [],
                    "ephemeral_storage_local_ssd_config": [],
                    "fast_socket": [],
                    "gcfs_config": [],
                    "guest_accelerator": [],
                    "gvnic": [],
                    "host_maintenance_policy": [],
                    "image_type": "COS_CONTAINERD",
                    "kubelet_config": [],
                    "labels": {},
                    "linux_node_config": [],
                    "local_nvme_ssd_block_config": [],
                    "local_ssd_count": 0,
                    "logging_variant": "DEFAULT",
                    "machine_type": "e2-micro",
                    "metadata": {
                      "disable-legacy-endpoints": "true"
                    },
                    "min_cpu_platform": "",
                    "node_group": "",
                    "oauth_scopes": [
                      "https://www.googleapis.com/auth/cloud-platform"
                    ],
                    "preemptible": true,
                    "reservation_affinity": [],
                    "resource_labels": {},
                    "service_account": "default",
                    "shielded_instance_config": [
                      {
                        "enable_integrity_monitoring": true,
                        "enable_secure_boot": false
                      }
                    ],
                    "sole_tenant_config": [],
                    "spot": false,
                    "tags": [],
                    "taint": [],
                    "workload_metadata_config": []
                  }
                ],
                "node_count": 1,
                "node_locations": [
                  "us-central1-a",
                  "us-central1-c",
                  "us-central1-f"
                ],
                "placement_policy": [],
                "upgrade_settings": [
                  {
                    "blue_green_settings": [],
                    "max_surge": 1,
                    "max_unavailable": 0,
                    "strategy": "SURGE"
                  }
                ],
                "version": "1.27.3-gke.100"
              }
            ],
            "node_pool_auto_config": [],
            "node_pool_defaults": [
              {
                "node_config_defaults": [
                  {
                    "logging_variant": "DEFAULT"
                  }
                ]
              }
            ],
            "node_version": "1.27.3-gke.100",
            "notification_config": [
              {
                "pubsub": [
                  {
                    "enabled": false,
                    "filter": [],
                    "topic": ""
                  }
                ]
              }
            ],
            "operation": null,
            "private_cluster_config": [
              {
                "enable_private_endpoint": false,
                "enable_private_nodes": false,
                "master_global_access_config": [
                  {
                    "enabled": false
                  }
                ],
                "master_ipv4_cidr_block": "",
                "peering_name": "",
                "private_endpoint": "10.128.0.58",
                "private_endpoint_subnetwork": "",
                "public_endpoint": "34.172.87.30"
              }
            ],
            "private_ipv6_google_access": "",
            "project": "akiva-sandbox",
            "release_channel": [
              {
                "channel": "REGULAR"
              }
            ],
            "remove_default_node_pool": true,
            "resource_labels": {},
            "resource_usage_export_config": [],
            "security_posture_config": [
              {
                "mode": "BASIC",
                "vulnerability_mode": "VULNERABILITY_MODE_UNSPECIFIED"
              }
            ],
            "self_link": "https://container.googleapis.com/v1/projects/akiva-sandbox/locations/us-central1/clusters/phase4-cluster",
            "service_external_ips_config": [
              {
                "enabled": false
              }
            ],
            "services_ipv4_cidr": "10.104.0.0/20",
            "subnetwork": "projects/akiva-sandbox/regions/us-central1/subnetworks/default",
            "timeouts": null,
            "tpu_ipv4_cidr_block": "",
            "vertical_pod_autoscaling": [],
            "workload_identity_config": []
          },
          "sensitive_attributes": [],
          "private": "eyJlMmJmYjczMC1lY2FhLTExZTYtOGY4OC0zNDM2M2JjN2M0YzAiOnsiY3JlYXRlIjoyNDAwMDAwMDAwMDAwLCJkZWxldGUiOjI0MDAwMDAwMDAwMDAsInJlYWQiOjI0MDAwMDAwMDAwMDAsInVwZGF0ZSI6MzYwMDAwMDAwMDAwMH0sInNjaGVtYV92ZXJzaW9uIjoiMiJ9"
        }
      ]
    },
    {
      "mode": "managed",
      "type": "google_container_node_pool",
      "name": "primary_preemptible_nodes",
      "provider": "provider[\"registry.terraform.io/hashicorp/google\"]",
      "instances": [
        {
          "schema_version": 1,
          "attributes": {
            "autoscaling": [],
            "cluster": "phase4-cluster",
            "id": "projects/akiva-sandbox/locations/us-central1/clusters/phase4-cluster/nodePools/my-node-pool",
            "initial_node_count": 1,
            "instance_group_urls": [
              "https://www.googleapis.com/compute/v1/projects/akiva-sandbox/zones/us-central1-f/instanceGroupManagers/gke-phase4-cluster-my-node-pool-cffbf800-grp",
              "https://www.googleapis.com/compute/v1/projects/akiva-sandbox/zones/us-central1-a/instanceGroupManagers/gke-phase4-cluster-my-node-pool-03e2d0aa-grp",
              "https://www.googleapis.com/compute/v1/projects/akiva-sandbox/zones/us-central1-c/instanceGroupManagers/gke-phase4-cluster-my-node-pool-1d20468d-grp"
            ],
            "location": "us-central1",
            "managed_instance_group_urls": [
              "https://www.googleapis.com/compute/v1/projects/akiva-sandbox/zones/us-central1-f/instanceGroups/gke-phase4-cluster-my-node-pool-cffbf800-grp",
              "https://www.googleapis.com/compute/v1/projects/akiva-sandbox/zones/us-central1-a/instanceGroups/gke-phase4-cluster-my-node-pool-03e2d0aa-grp",
              "https://www.googleapis.com/compute/v1/projects/akiva-sandbox/zones/us-central1-c/instanceGroups/gke-phase4-cluster-my-node-pool-1d20468d-grp"
            ],
            "management": [
              {
                "auto_repair": true,
                "auto_upgrade": true
              }
            ],
            "max_pods_per_node": 110,
            "name": "my-node-pool",
            "name_prefix": "",
            "network_config": [
              {
                "create_pod_range": false,
                "enable_private_nodes": false,
                "pod_cidr_overprovision_config": [],
                "pod_ipv4_cidr_block": "10.100.0.0/14",
                "pod_range": "gke-phase4-cluster-pods-8c3deb64"
              }
            ],
            "node_config": [
              {
                "advanced_machine_features": [],
                "boot_disk_kms_key": "",
                "confidential_nodes": [],
                "disk_size_gb": 100,
                "disk_type": "pd-balanced",
                "effective_taints": [],
                "ephemeral_storage_local_ssd_config": [],
                "fast_socket": [],
                "gcfs_config": [],
                "guest_accelerator": [],
                "gvnic": [],
                "host_maintenance_policy": [],
                "image_type": "COS_CONTAINERD",
                "kubelet_config": [],
                "labels": {},
                "linux_node_config": [],
                "local_nvme_ssd_block_config": [],
                "local_ssd_count": 0,
                "logging_variant": "DEFAULT",
                "machine_type": "e2-medium",
                "metadata": {
                  "disable-legacy-endpoints": "true"
                },
                "min_cpu_platform": "",
                "node_group": "",
                "oauth_scopes": [
                  "https://www.googleapis.com/auth/cloud-platform"
                ],
                "preemptible": true,
                "reservation_affinity": [],
                "resource_labels": null,
                "service_account": "default",
                "shielded_instance_config": [
                  {
                    "enable_integrity_monitoring": true,
                    "enable_secure_boot": false
                  }
                ],
                "sole_tenant_config": [],
                "spot": false,
                "tags": null,
                "taint": [],
                "workload_metadata_config": []
              }
            ],
            "node_count": 1,
            "node_locations": [
              "us-central1-a",
              "us-central1-c",
              "us-central1-f"
            ],
            "operation": null,
            "placement_policy": [],
            "project": "akiva-sandbox",
            "timeouts": null,
            "upgrade_settings": [
              {
                "blue_green_settings": [],
                "max_surge": 1,
                "max_unavailable": 0,
                "strategy": "SURGE"
              }
            ],
            "version": "1.27.3-gke.100"
          },
          "sensitive_attributes": [],
          "private": "eyJlMmJmYjczMC1lY2FhLTExZTYtOGY4OC0zNDM2M2JjN2M0YzAiOnsiY3JlYXRlIjoxODAwMDAwMDAwMDAwLCJkZWxldGUiOjE4MDAwMDAwMDAwMDAsInVwZGF0ZSI6MTgwMDAwMDAwMDAwMH0sInNjaGVtYV92ZXJzaW9uIjoiMSJ9",
          "dependencies": [
            "google_container_cluster.primary"
          ]
        }
      ]
    },
    {
      "mode": "managed",
      "type": "google_sql_database",
      "name": "app_database",
      "provider": "provider[\"registry.terraform.io/hashicorp/google\"]",
      "instances": [
        {
          "schema_version": 0,
          "attributes": {
            "charset": "UTF8",
            "collation": "en_US.UTF8",
            "deletion_policy": "DELETE",
            "id": "projects/akiva-sandbox/instances/phase4-db/databases/app-database",
            "instance": "phase4-db",
            "name": "app-database",
            "project": "akiva-sandbox",
            "self_link": "https://sqladmin.googleapis.com/sql/v1beta4/projects/akiva-sandbox/instances/phase4-db/databases/app-database",
            "timeouts": null
          },
          "sensitive_attributes": [],
          "private": "eyJlMmJmYjczMC1lY2FhLTExZTYtOGY4OC0zNDM2M2JjN2M0YzAiOnsiY3JlYXRlIjoxMjAwMDAwMDAwMDAwLCJkZWxldGUiOjEyMDAwMDAwMDAwMDAsInVwZGF0ZSI6MTIwMDAwMDAwMDAwMH19",
          "dependencies": [
            "google_sql_database_instance.instance"
          ]
        }
      ]
    },
    {
      "mode": "managed",
      "type": "google_sql_database_instance",
      "name": "instance",
      "provider": "provider[\"registry.terraform.io/hashicorp/google-beta\"]",
      "instances": [
        {
          "schema_version": 0,
          "attributes": {
            "available_maintenance_versions": [],
            "clone": [],
            "connection_name": "akiva-sandbox:us-central1:phase4-db",
            "database_version": "POSTGRES_13",
            "deletion_protection": true,
            "dns_name": "",
            "encryption_key_name": null,
            "first_ip_address": "34.42.128.194",
            "id": "phase4-db",
            "instance_type": "CLOUD_SQL_INSTANCE",
            "ip_address": [
              {
                "ip_address": "34.42.128.194",
                "time_to_retire": "",
                "type": "PRIMARY"
              },
              {
                "ip_address": "34.41.179.44",
                "time_to_retire": "",
                "type": "OUTGOING"
              }
            ],
            "maintenance_version": "POSTGRES_13_12.R20230830.01_07",
            "master_instance_name": "",
            "name": "phase4-db",
            "private_ip_address": "",
            "project": "akiva-sandbox",
            "psc_service_attachment_link": "",
            "public_ip_address": "34.42.128.194",
            "region": "us-central1",
            "replica_configuration": [],
            "restore_backup_context": [],
            "root_password": null,
            "self_link": "https://sqladmin.googleapis.com/sql/v1beta4/projects/akiva-sandbox/instances/phase4-db",
            "server_ca_cert": [
              {
                "cert": "-----BEGIN CERTIFICATE-----\nMIIDfzCCAmegAwIBAgIBADANBgkqhkiG9w0BAQsFADB3MS0wKwYDVQQuEyQ2MTYy\nNGM5MC1iOTU4LTQ2MzUtYTRjMy1iNmI4ZTc2YzNkMGYxIzAhBgNVBAMTGkdvb2ds\nZSBDbG91ZCBTUUwgU2VydmVyIENBMRQwEgYDVQQKEwtHb29nbGUsIEluYzELMAkG\nA1UEBhMCVVMwHhcNMjMxMjE4MTQxMDE2WhcNMzMxMjE1MTQxMTE2WjB3MS0wKwYD\nVQQuEyQ2MTYyNGM5MC1iOTU4LTQ2MzUtYTRjMy1iNmI4ZTc2YzNkMGYxIzAhBgNV\nBAMTGkdvb2dsZSBDbG91ZCBTUUwgU2VydmVyIENBMRQwEgYDVQQKEwtHb29nbGUs\nIEluYzELMAkGA1UEBhMCVVMwggEiMA0GCSqGSIb3DQEBAQUAA4IBDwAwggEKAoIB\nAQCkgrSlfUpd/BMkpzLSgK85/nr/k8TDww2uMgO87D0VkYG7D84OSQ7b6QCxc2jO\nQHJXZ4sR8TLbvtyyx1Dv3ksYjQqzCE4A79YBECtj+WpbQ2qmcc+uxAb8NU6vzDej\ntMQJDIEEQAgYTfDYmqt6htK82VnuWCyoAKYo01yfwY1Ww3P49uVWINQE70pOfUon\n0WJdTtNEgxYowsxp/qFtkrihweLjSSfKm1JSrpbEvxQZnYBEpOz+T0W0ZAkXxynn\nPTtLt/9gLE7Bw8yJWX27kwqn84fPZz3sqTcSCVXOkJKLgrVmbTrOPNsd+K9z/euX\npzvUIRY+UV5B/0E9rPEl6siRAgMBAAGjFjAUMBIGA1UdEwEB/wQIMAYBAf8CAQAw\nDQYJKoZIhvcNAQELBQADggEBAIwArzVu7Oy603Y/Kt7REyJOd8oDi1GoMaJgHOFx\nDnpGpLATk8AeBr1mRUV5y6gaMMp6RTLFctxNqh6U583Y04y1ycUtMW5CWQlUadNP\ng77iwuCmyv00nhkbrrdn91vM6r+xcQDFtRd9LSX9y200n1G/vr688JJYQn3n2V46\nAcCuo4xWBFtEu2L8Nv5fa+4DEin2MNUQLVkskvPNoedYJKK6AP85/SAGlXThXS+N\ns5CaG+kpAyXaRLG0cccxK9+KsGJKJ4AU7KjPq2bhh8CH3cRSKRtlQxnssGt+lm0u\nNbCOL5CwcxdIywHOZCoI+9KY+WFKvq2lqI/rFEa6x8IrQ2I=\n-----END CERTIFICATE-----",
                "common_name": "C=US,O=Google\\, Inc,CN=Google Cloud SQL Server CA,dnQualifier=61624c90-b958-4635-a4c3-b6b8e76c3d0f",
                "create_time": "2023-12-18T14:10:16.007Z",
                "expiration_time": "2033-12-15T14:11:16.007Z",
                "sha1_fingerprint": "8947e427dd03cd3b56e8ecda986a4c0a79d991db"
              }
            ],
            "service_account_email_address": "p653089912503-unuz2w@gcp-sa-cloud-sql.iam.gserviceaccount.com",
            "settings": [
              {
                "activation_policy": "ALWAYS",
                "active_directory_config": [],
                "advanced_machine_features": [],
                "availability_type": "ZONAL",
                "backup_configuration": [
                  {
                    "backup_retention_settings": [
                      {
                        "retained_backups": 7,
                        "retention_unit": "COUNT"
                      }
                    ],
                    "binary_log_enabled": false,
                    "enabled": false,
                    "location": "",
                    "point_in_time_recovery_enabled": false,
                    "start_time": "00:00",
                    "transaction_log_retention_days": 7
                  }
                ],
                "collation": "",
                "connector_enforcement": "NOT_REQUIRED",
                "data_cache_config": [],
                "database_flags": [],
                "deletion_protection_enabled": false,
                "deny_maintenance_period": [],
                "disk_autoresize": true,
                "disk_autoresize_limit": 0,
                "disk_size": 10,
                "disk_type": "PD_SSD",
                "edition": "ENTERPRISE",
                "insights_config": [],
                "ip_configuration": [
                  {
                    "allocated_ip_range": "",
                    "authorized_networks": [],
                    "enable_private_path_for_google_cloud_services": false,
                    "ipv4_enabled": true,
                    "private_network": "",
                    "psc_config": [],
                    "require_ssl": false,
                    "ssl_mode": ""
                  }
                ],
                "location_preference": [
                  {
                    "follow_gae_application": "",
                    "secondary_zone": "",
                    "zone": "us-central1-b"
                  }
                ],
                "maintenance_window": [],
                "password_validation_policy": [],
                "pricing_plan": "PER_USE",
                "sql_server_audit_config": [],
                "tier": "db-f1-micro",
                "time_zone": "",
                "user_labels": {},
                "version": 2
              }
            ],
            "timeouts": null
          },
          "sensitive_attributes": [],
          "private": "eyJlMmJmYjczMC1lY2FhLTExZTYtOGY4OC0zNDM2M2JjN2M0YzAiOnsiY3JlYXRlIjoyNDAwMDAwMDAwMDAwLCJkZWxldGUiOjE4MDAwMDAwMDAwMDAsInVwZGF0ZSI6MTgwMDAwMDAwMDAwMH19"
        }
      ]
    },
    {
      "mode": "managed",
      "type": "google_sql_user",
      "name": "app_db_user",
      "provider": "provider[\"registry.terraform.io/hashicorp/google\"]",
      "instances": [
        {
          "schema_version": 1,
          "attributes": {
            "deletion_policy": null,
            "host": "",
            "id": "app-db-user//phase4-db",
            "instance": "phase4-db",
            "name": "app-db-user",
            "password": "pass",
            "password_policy": [],
            "project": "akiva-sandbox",
            "sql_server_user_details": [],
            "timeouts": null,
            "type": ""
          },
          "sensitive_attributes": [],
          "private": "eyJlMmJmYjczMC1lY2FhLTExZTYtOGY4OC0zNDM2M2JjN2M0YzAiOnsiY3JlYXRlIjo2MDAwMDAwMDAwMDAsImRlbGV0ZSI6NjAwMDAwMDAwMDAwLCJ1cGRhdGUiOjYwMDAwMDAwMDAwMH0sInNjaGVtYV92ZXJzaW9uIjoiMSJ9",
          "dependencies": [
            "google_sql_database_instance.instance"
          ]
        }
      ]
    }
  ],
  "check_results": null
}
